PODS:
  - Appirater (2.0.5)
  - FMDB (2.6.2):
    - FMDB/standard (= 2.6.2)
  - FMDB/standard (2.6.2)
  - pop (1.0.9)
  - ReactiveCocoa (2.5):
    - ReactiveCocoa/UI (= 2.5)
  - ReactiveCocoa/Core (2.5):
    - ReactiveCocoa/no-arc
  - ReactiveCocoa/no-arc (2.5)
  - ReactiveCocoa/UI (2.5):
    - ReactiveCocoa/Core
  - WeiboSDK (3.1.4)

DEPENDENCIES:
  - Appirater
  - FMDB
  - pop (~> 1.0)
  - ReactiveCocoa (~> 2.5)
  - WeiboSDK (from `https://github.com/sinaweibosdk/weibo_ios_sdk.git`)

EXTERNAL SOURCES:
  WeiboSDK:
    :git: https://github.com/sinaweibosdk/weibo_ios_sdk.git

CHECKOUT OPTIONS:
  WeiboSDK:
    :commit: 6031a8da4ce17867ff5887b8dfc59ea45930274e
    :git: https://github.com/sinaweibosdk/weibo_ios_sdk.git

SPEC CHECKSUMS:
  Appirater: e7c0a47fb67ee5041ce8479e6ba960927fb40264
  FMDB: 854a0341b4726e53276f2a8996f06f1b80f9259a
  pop: f667631a5108a2e60d9e8797c9b32ddaf2080bce
  ReactiveCocoa: e2db045570aa97c695e7aa97c2bcab222ae51f4a
  WeiboSDK: bceab625ec59b7039ba721cc4ba9f5868804f63e

COCOAPODS: 0.39.0
